// !$*UTF8*$!
{
	archiveVersion = 1;
	classes = {
	};
	objectVersion = 55;
	objects = {

/* Begin PBXBuildFile section */
		B349C4DE27F2FCE400F2F1E9 /* AppDelegate.swift in Sources */ = {isa = PBXBuildFile; fileRef = B349C4DD27F2FCE400F2F1E9 /* AppDelegate.swift */; };
		B349C4E027F2FCE400F2F1E9 /* SceneDelegate.swift in Sources */ = {isa = PBXBuildFile; fileRef = B349C4DF27F2FCE400F2F1E9 /* SceneDelegate.swift */; };
		B349C4E227F2FCE400F2F1E9 /* ViewController.swift in Sources */ = {isa = PBXBuildFile; fileRef = B349C4E127F2FCE400F2F1E9 /* ViewController.swift */; };
		B349C4E527F2FCE400F2F1E9 /* Main.storyboard in Resources */ = {isa = PBXBuildFile; fileRef = B349C4E327F2FCE400F2F1E9 /* Main.storyboard */; };
		B349C4E727F2FCE500F2F1E9 /* Assets.xcassets in Resources */ = {isa = PBXBuildFile; fileRef = B349C4E627F2FCE500F2F1E9 /* Assets.xcassets */; };
		B349C4EA27F2FCE500F2F1E9 /* LaunchScreen.storyboard in Resources */ = {isa = PBXBuildFile; fileRef = B349C4E827F2FCE500F2F1E9 /* LaunchScreen.storyboard */; };
		B349C4F527F2FCE500F2F1E9 /* ZWalletTests.swift in Sources */ = {isa = PBXBuildFile; fileRef = B349C4F427F2FCE500F2F1E9 /* ZWalletTests.swift */; };
		B349C4FF27F2FCE500F2F1E9 /* ZWalletUITests.swift in Sources */ = {isa = PBXBuildFile; fileRef = B349C4FE27F2FCE500F2F1E9 /* ZWalletUITests.swift */; };
		B349C50127F2FCE500F2F1E9 /* ZWalletUITestsLaunchTests.swift in Sources */ = {isa = PBXBuildFile; fileRef = B349C50027F2FCE500F2F1E9 /* ZWalletUITestsLaunchTests.swift */; };
		B349C50E27F2FE2800F2F1E9 /* LoginViewController.swift in Sources */ = {isa = PBXBuildFile; fileRef = B349C50D27F2FE2800F2F1E9 /* LoginViewController.swift */; };
		B349C51E27F3038E00F2F1E9 /* NunitoSans-Italic.ttf in Resources */ = {isa = PBXBuildFile; fileRef = B349C51027F3038D00F2F1E9 /* NunitoSans-Italic.ttf */; };
		B349C51F27F3038E00F2F1E9 /* NunitoSans-Bold.ttf in Resources */ = {isa = PBXBuildFile; fileRef = B349C51127F3038D00F2F1E9 /* NunitoSans-Bold.ttf */; };
		B349C52027F3038E00F2F1E9 /* NunitoSans-ExtraBoldItalic.ttf in Resources */ = {isa = PBXBuildFile; fileRef = B349C51227F3038D00F2F1E9 /* NunitoSans-ExtraBoldItalic.ttf */; };
		B349C52127F3038E00F2F1E9 /* NunitoSans-Regular.ttf in Resources */ = {isa = PBXBuildFile; fileRef = B349C51327F3038D00F2F1E9 /* NunitoSans-Regular.ttf */; };
		B349C52227F3038E00F2F1E9 /* NunitoSans-SemiBoldItalic.ttf in Resources */ = {isa = PBXBuildFile; fileRef = B349C51427F3038D00F2F1E9 /* NunitoSans-SemiBoldItalic.ttf */; };
		B349C52327F3038E00F2F1E9 /* NunitoSans-Light.ttf in Resources */ = {isa = PBXBuildFile; fileRef = B349C51527F3038D00F2F1E9 /* NunitoSans-Light.ttf */; };
		B349C52427F3038E00F2F1E9 /* NunitoSans-ExtraBold.ttf in Resources */ = {isa = PBXBuildFile; fileRef = B349C51627F3038D00F2F1E9 /* NunitoSans-ExtraBold.ttf */; };
		B349C52527F3038E00F2F1E9 /* NunitoSans-BoldItalic.ttf in Resources */ = {isa = PBXBuildFile; fileRef = B349C51727F3038D00F2F1E9 /* NunitoSans-BoldItalic.ttf */; };
		B349C52627F3038E00F2F1E9 /* NunitoSans-LightItalic.ttf in Resources */ = {isa = PBXBuildFile; fileRef = B349C51827F3038D00F2F1E9 /* NunitoSans-LightItalic.ttf */; };
		B349C52727F3038E00F2F1E9 /* NunitoSans-Black.ttf in Resources */ = {isa = PBXBuildFile; fileRef = B349C51927F3038D00F2F1E9 /* NunitoSans-Black.ttf */; };
		B349C52827F3038E00F2F1E9 /* NunitoSans-BlackItalic.ttf in Resources */ = {isa = PBXBuildFile; fileRef = B349C51A27F3038D00F2F1E9 /* NunitoSans-BlackItalic.ttf */; };
		B349C52927F3038E00F2F1E9 /* NunitoSans-SemiBold.ttf in Resources */ = {isa = PBXBuildFile; fileRef = B349C51B27F3038E00F2F1E9 /* NunitoSans-SemiBold.ttf */; };
		B349C52A27F3038E00F2F1E9 /* NunitoSans-ExtraLightItalic.ttf in Resources */ = {isa = PBXBuildFile; fileRef = B349C51C27F3038E00F2F1E9 /* NunitoSans-ExtraLightItalic.ttf */; };
		B349C52B27F3038E00F2F1E9 /* NunitoSans-ExtraLight.ttf in Resources */ = {isa = PBXBuildFile; fileRef = B349C51D27F3038E00F2F1E9 /* NunitoSans-ExtraLight.ttf */; };
		B37029B127F455AF0069F69E /* LoginsViewController.swift in Sources */ = {isa = PBXBuildFile; fileRef = B37029AF27F455AF0069F69E /* LoginsViewController.swift */; };
		B37029B227F455AF0069F69E /* LoginsViewController.xib in Resources */ = {isa = PBXBuildFile; fileRef = B37029B027F455AF0069F69E /* LoginsViewController.xib */; };
/* End PBXBuildFile section */

/* Begin PBXContainerItemProxy section */
		B349C4F127F2FCE500F2F1E9 /* PBXContainerItemProxy */ = {
			isa = PBXContainerItemProxy;
			containerPortal = B349C4D227F2FCE400F2F1E9 /* Project object */;
			proxyType = 1;
			remoteGlobalIDString = B349C4D927F2FCE400F2F1E9;
			remoteInfo = ZWallet;
		};
		B349C4FB27F2FCE500F2F1E9 /* PBXContainerItemProxy */ = {
			isa = PBXContainerItemProxy;
			containerPortal = B349C4D227F2FCE400F2F1E9 /* Project object */;
			proxyType = 1;
			remoteGlobalIDString = B349C4D927F2FCE400F2F1E9;
			remoteInfo = ZWallet;
		};
/* End PBXContainerItemProxy section */

/* Begin PBXFileReference section */
		B349C4DA27F2FCE400F2F1E9 /* ZWallet.app */ = {isa = PBXFileReference; explicitFileType = wrapper.application; includeInIndex = 0; path = ZWallet.app; sourceTree = BUILT_PRODUCTS_DIR; };
		B349C4DD27F2FCE400F2F1E9 /* AppDelegate.swift */ = {isa = PBXFileReference; lastKnownFileType = sourcecode.swift; path = AppDelegate.swift; sourceTree = "<group>"; };
		B349C4DF27F2FCE400F2F1E9 /* SceneDelegate.swift */ = {isa = PBXFileReference; lastKnownFileType = sourcecode.swift; path = SceneDelegate.swift; sourceTree = "<group>"; };
		B349C4E127F2FCE400F2F1E9 /* ViewController.swift */ = {isa = PBXFileReference; lastKnownFileType = sourcecode.swift; path = ViewController.swift; sourceTree = "<group>"; };
		B349C4E427F2FCE400F2F1E9 /* Base */ = {isa = PBXFileReference; lastKnownFileType = file.storyboard; name = Base; path = Base.lproj/Main.storyboard; sourceTree = "<group>"; };
		B349C4E627F2FCE500F2F1E9 /* Assets.xcassets */ = {isa = PBXFileReference; lastKnownFileType = folder.assetcatalog; path = Assets.xcassets; sourceTree = "<group>"; };
		B349C4E927F2FCE500F2F1E9 /* Base */ = {isa = PBXFileReference; lastKnownFileType = file.storyboard; name = Base; path = Base.lproj/LaunchScreen.storyboard; sourceTree = "<group>"; };
		B349C4EB27F2FCE500F2F1E9 /* Info.plist */ = {isa = PBXFileReference; lastKnownFileType = text.plist.xml; path = Info.plist; sourceTree = "<group>"; };
		B349C4F027F2FCE500F2F1E9 /* ZWalletTests.xctest */ = {isa = PBXFileReference; explicitFileType = wrapper.cfbundle; includeInIndex = 0; path = ZWalletTests.xctest; sourceTree = BUILT_PRODUCTS_DIR; };
		B349C4F427F2FCE500F2F1E9 /* ZWalletTests.swift */ = {isa = PBXFileReference; lastKnownFileType = sourcecode.swift; path = ZWalletTests.swift; sourceTree = "<group>"; };
		B349C4FA27F2FCE500F2F1E9 /* ZWalletUITests.xctest */ = {isa = PBXFileReference; explicitFileType = wrapper.cfbundle; includeInIndex = 0; path = ZWalletUITests.xctest; sourceTree = BUILT_PRODUCTS_DIR; };
		B349C4FE27F2FCE500F2F1E9 /* ZWalletUITests.swift */ = {isa = PBXFileReference; lastKnownFileType = sourcecode.swift; path = ZWalletUITests.swift; sourceTree = "<group>"; };
		B349C50027F2FCE500F2F1E9 /* ZWalletUITestsLaunchTests.swift */ = {isa = PBXFileReference; lastKnownFileType = sourcecode.swift; path = ZWalletUITestsLaunchTests.swift; sourceTree = "<group>"; };
		B349C50D27F2FE2800F2F1E9 /* LoginViewController.swift */ = {isa = PBXFileReference; lastKnownFileType = sourcecode.swift; path = LoginViewController.swift; sourceTree = "<group>"; };
		B349C51027F3038D00F2F1E9 /* NunitoSans-Italic.ttf */ = {isa = PBXFileReference; lastKnownFileType = file; path = "NunitoSans-Italic.ttf"; sourceTree = "<group>"; };
		B349C51127F3038D00F2F1E9 /* NunitoSans-Bold.ttf */ = {isa = PBXFileReference; lastKnownFileType = file; path = "NunitoSans-Bold.ttf"; sourceTree = "<group>"; };
		B349C51227F3038D00F2F1E9 /* NunitoSans-ExtraBoldItalic.ttf */ = {isa = PBXFileReference; lastKnownFileType = file; path = "NunitoSans-ExtraBoldItalic.ttf"; sourceTree = "<group>"; };
		B349C51327F3038D00F2F1E9 /* NunitoSans-Regular.ttf */ = {isa = PBXFileReference; lastKnownFileType = file; path = "NunitoSans-Regular.ttf"; sourceTree = "<group>"; };
		B349C51427F3038D00F2F1E9 /* NunitoSans-SemiBoldItalic.ttf */ = {isa = PBXFileReference; lastKnownFileType = file; path = "NunitoSans-SemiBoldItalic.ttf"; sourceTree = "<group>"; };
		B349C51527F3038D00F2F1E9 /* NunitoSans-Light.ttf */ = {isa = PBXFileReference; lastKnownFileType = file; path = "NunitoSans-Light.ttf"; sourceTree = "<group>"; };
		B349C51627F3038D00F2F1E9 /* NunitoSans-ExtraBold.ttf */ = {isa = PBXFileReference; lastKnownFileType = file; path = "NunitoSans-ExtraBold.ttf"; sourceTree = "<group>"; };
		B349C51727F3038D00F2F1E9 /* NunitoSans-BoldItalic.ttf */ = {isa = PBXFileReference; lastKnownFileType = file; path = "NunitoSans-BoldItalic.ttf"; sourceTree = "<group>"; };
		B349C51827F3038D00F2F1E9 /* NunitoSans-LightItalic.ttf */ = {isa = PBXFileReference; lastKnownFileType = file; path = "NunitoSans-LightItalic.ttf"; sourceTree = "<group>"; };
		B349C51927F3038D00F2F1E9 /* NunitoSans-Black.ttf */ = {isa = PBXFileReference; lastKnownFileType = file; path = "NunitoSans-Black.ttf"; sourceTree = "<group>"; };
		B349C51A27F3038D00F2F1E9 /* NunitoSans-BlackItalic.ttf */ = {isa = PBXFileReference; lastKnownFileType = file; path = "NunitoSans-BlackItalic.ttf"; sourceTree = "<group>"; };
		B349C51B27F3038E00F2F1E9 /* NunitoSans-SemiBold.ttf */ = {isa = PBXFileReference; lastKnownFileType = file; path = "NunitoSans-SemiBold.ttf"; sourceTree = "<group>"; };
		B349C51C27F3038E00F2F1E9 /* NunitoSans-ExtraLightItalic.ttf */ = {isa = PBXFileReference; lastKnownFileType = file; path = "NunitoSans-ExtraLightItalic.ttf"; sourceTree = "<group>"; };
		B349C51D27F3038E00F2F1E9 /* NunitoSans-ExtraLight.ttf */ = {isa = PBXFileReference; lastKnownFileType = file; path = "NunitoSans-ExtraLight.ttf"; sourceTree = "<group>"; };
		B37029AF27F455AF0069F69E /* LoginsViewController.swift */ = {isa = PBXFileReference; lastKnownFileType = sourcecode.swift; path = LoginsViewController.swift; sourceTree = "<group>"; };
		B37029B027F455AF0069F69E /* LoginsViewController.xib */ = {isa = PBXFileReference; lastKnownFileType = file.xib; path = LoginsViewController.xib; sourceTree = "<group>"; };
/* End PBXFileReference section */

/* Begin PBXFrameworksBuildPhase section */
		B349C4D727F2FCE400F2F1E9 /* Frameworks */ = {
			isa = PBXFrameworksBuildPhase;
			buildActionMask = 2147483647;
			files = (
			);
			runOnlyForDeploymentPostprocessing = 0;
		};
		B349C4ED27F2FCE500F2F1E9 /* Frameworks */ = {
			isa = PBXFrameworksBuildPhase;
			buildActionMask = 2147483647;
			files = (
			);
			runOnlyForDeploymentPostprocessing = 0;
		};
		B349C4F727F2FCE500F2F1E9 /* Frameworks */ = {
			isa = PBXFrameworksBuildPhase;
			buildActionMask = 2147483647;
			files = (
			);
			runOnlyForDeploymentPostprocessing = 0;
		};
/* End PBXFrameworksBuildPhase section */

/* Begin PBXGroup section */
		B349C4D127F2FCE400F2F1E9 = {
			isa = PBXGroup;
			children = (
				B349C4DC27F2FCE400F2F1E9 /* ZWallet */,
				B349C4F327F2FCE500F2F1E9 /* ZWalletTests */,
				B349C4FD27F2FCE500F2F1E9 /* ZWalletUITests */,
				B349C4DB27F2FCE400F2F1E9 /* Products */,
			);
			sourceTree = "<group>";
		};
		B349C4DB27F2FCE400F2F1E9 /* Products */ = {
			isa = PBXGroup;
			children = (
				B349C4DA27F2FCE400F2F1E9 /* ZWallet.app */,
				B349C4F027F2FCE500F2F1E9 /* ZWalletTests.xctest */,
				B349C4FA27F2FCE500F2F1E9 /* ZWalletUITests.xctest */,
			);
			name = Products;
			sourceTree = "<group>";
		};
		B349C4DC27F2FCE400F2F1E9 /* ZWallet */ = {
			isa = PBXGroup;
			children = (
				B37029A227F430860069F69E /* Module */,
				B349C50F27F3035000F2F1E9 /* Fonts */,
				B349C4DD27F2FCE400F2F1E9 /* AppDelegate.swift */,
				B349C4DF27F2FCE400F2F1E9 /* SceneDelegate.swift */,
				B349C4E127F2FCE400F2F1E9 /* ViewController.swift */,
				B349C4E327F2FCE400F2F1E9 /* Main.storyboard */,
				B349C4E627F2FCE500F2F1E9 /* Assets.xcassets */,
				B349C4E827F2FCE500F2F1E9 /* LaunchScreen.storyboard */,
				B349C4EB27F2FCE500F2F1E9 /* Info.plist */,
				B349C50D27F2FE2800F2F1E9 /* LoginViewController.swift */,
			);
			path = ZWallet;
			sourceTree = "<group>";
		};
		B349C4F327F2FCE500F2F1E9 /* ZWalletTests */ = {
			isa = PBXGroup;
			children = (
				B349C4F427F2FCE500F2F1E9 /* ZWalletTests.swift */,
			);
			path = ZWalletTests;
			sourceTree = "<group>";
		};
		B349C4FD27F2FCE500F2F1E9 /* ZWalletUITests */ = {
			isa = PBXGroup;
			children = (
				B349C4FE27F2FCE500F2F1E9 /* ZWalletUITests.swift */,
				B349C50027F2FCE500F2F1E9 /* ZWalletUITestsLaunchTests.swift */,
			);
			path = ZWalletUITests;
			sourceTree = "<group>";
		};
		B349C50F27F3035000F2F1E9 /* Fonts */ = {
			isa = PBXGroup;
			children = (
				B349C51927F3038D00F2F1E9 /* NunitoSans-Black.ttf */,
				B349C51A27F3038D00F2F1E9 /* NunitoSans-BlackItalic.ttf */,
				B349C51127F3038D00F2F1E9 /* NunitoSans-Bold.ttf */,
				B349C51727F3038D00F2F1E9 /* NunitoSans-BoldItalic.ttf */,
				B349C51627F3038D00F2F1E9 /* NunitoSans-ExtraBold.ttf */,
				B349C51227F3038D00F2F1E9 /* NunitoSans-ExtraBoldItalic.ttf */,
				B349C51D27F3038E00F2F1E9 /* NunitoSans-ExtraLight.ttf */,
				B349C51C27F3038E00F2F1E9 /* NunitoSans-ExtraLightItalic.ttf */,
				B349C51027F3038D00F2F1E9 /* NunitoSans-Italic.ttf */,
				B349C51527F3038D00F2F1E9 /* NunitoSans-Light.ttf */,
				B349C51827F3038D00F2F1E9 /* NunitoSans-LightItalic.ttf */,
				B349C51327F3038D00F2F1E9 /* NunitoSans-Regular.ttf */,
				B349C51B27F3038E00F2F1E9 /* NunitoSans-SemiBold.ttf */,
				B349C51427F3038D00F2F1E9 /* NunitoSans-SemiBoldItalic.ttf */,
			);
			path = Fonts;
			sourceTree = "<group>";
		};
		B37029A227F430860069F69E /* Module */ = {
			isa = PBXGroup;
			children = (
				B37029A427F4310B0069F69E /* RegisterModule */,
				B37029A327F430D60069F69E /* LoginModule */,
			);
			path = Module;
			sourceTree = "<group>";
		};
		B37029A327F430D60069F69E /* LoginModule */ = {
			isa = PBXGroup;
			children = (
				B37029A827F4316D0069F69E /* View */,
				B37029A727F431640069F69E /* Router */,
				B37029A627F431590069F69E /* Presenter */,
				B37029A527F4314D0069F69E /* Interactor */,
			);
			path = LoginModule;
			sourceTree = "<group>";
		};
		B37029A427F4310B0069F69E /* RegisterModule */ = {
			isa = PBXGroup;
			children = (
			);
			path = RegisterModule;
			sourceTree = "<group>";
		};
		B37029A527F4314D0069F69E /* Interactor */ = {
			isa = PBXGroup;
			children = (
			);
			path = Interactor;
			sourceTree = "<group>";
		};
		B37029A627F431590069F69E /* Presenter */ = {
			isa = PBXGroup;
			children = (
			);
			path = Presenter;
			sourceTree = "<group>";
		};
		B37029A727F431640069F69E /* Router */ = {
			isa = PBXGroup;
			children = (
			);
			path = Router;
			sourceTree = "<group>";
		};
		B37029A827F4316D0069F69E /* View */ = {
			isa = PBXGroup;
			children = (
				B37029AF27F455AF0069F69E /* LoginsViewController.swift */,
				B37029B027F455AF0069F69E /* LoginsViewController.xib */,
			);
			path = View;
			sourceTree = "<group>";
		};
/* End PBXGroup section */

/* Begin PBXNativeTarget section */
		B349C4D927F2FCE400F2F1E9 /* ZWallet */ = {
			isa = PBXNativeTarget;
			buildConfigurationList = B349C50427F2FCE500F2F1E9 /* Build configuration list for PBXNativeTarget "ZWallet" */;
			buildPhases = (
				B349C4D627F2FCE400F2F1E9 /* Sources */,
				B349C4D727F2FCE400F2F1E9 /* Frameworks */,
				B349C4D827F2FCE400F2F1E9 /* Resources */,
			);
			buildRules = (
			);
			dependencies = (
			);
			name = ZWallet;
			productName = ZWallet;
			productReference = B349C4DA27F2FCE400F2F1E9 /* ZWallet.app */;
			productType = "com.apple.product-type.application";
		};
		B349C4EF27F2FCE500F2F1E9 /* ZWalletTests */ = {
			isa = PBXNativeTarget;
			buildConfigurationList = B349C50727F2FCE500F2F1E9 /* Build configuration list for PBXNativeTarget "ZWalletTests" */;
			buildPhases = (
				B349C4EC27F2FCE500F2F1E9 /* Sources */,
				B349C4ED27F2FCE500F2F1E9 /* Frameworks */,
				B349C4EE27F2FCE500F2F1E9 /* Resources */,
			);
			buildRules = (
			);
			dependencies = (
				B349C4F227F2FCE500F2F1E9 /* PBXTargetDependency */,
			);
			name = ZWalletTests;
			productName = ZWalletTests;
			productReference = B349C4F027F2FCE500F2F1E9 /* ZWalletTests.xctest */;
			productType = "com.apple.product-type.bundle.unit-test";
		};
		B349C4F927F2FCE500F2F1E9 /* ZWalletUITests */ = {
			isa = PBXNativeTarget;
			buildConfigurationList = B349C50A27F2FCE500F2F1E9 /* Build configuration list for PBXNativeTarget "ZWalletUITests" */;
			buildPhases = (
				B349C4F627F2FCE500F2F1E9 /* Sources */,
				B349C4F727F2FCE500F2F1E9 /* Frameworks */,
				B349C4F827F2FCE500F2F1E9 /* Resources */,
			);
			buildRules = (
			);
			dependencies = (
				B349C4FC27F2FCE500F2F1E9 /* PBXTargetDependency */,
			);
			name = ZWalletUITests;
			productName = ZWalletUITests;
			productReference = B349C4FA27F2FCE500F2F1E9 /* ZWalletUITests.xctest */;
			productType = "com.apple.product-type.bundle.ui-testing";
		};
/* End PBXNativeTarget section */

/* Begin PBXProject section */
		B349C4D227F2FCE400F2F1E9 /* Project object */ = {
			isa = PBXProject;
			attributes = {
				BuildIndependentTargetsInParallel = 1;
				LastSwiftUpdateCheck = 1330;
				LastUpgradeCheck = 1330;
				TargetAttributes = {
					B349C4D927F2FCE400F2F1E9 = {
						CreatedOnToolsVersion = 13.3;
					};
					B349C4EF27F2FCE500F2F1E9 = {
						CreatedOnToolsVersion = 13.3;
						TestTargetID = B349C4D927F2FCE400F2F1E9;
					};
					B349C4F927F2FCE500F2F1E9 = {
						CreatedOnToolsVersion = 13.3;
						TestTargetID = B349C4D927F2FCE400F2F1E9;
					};
				};
			};
			buildConfigurationList = B349C4D527F2FCE400F2F1E9 /* Build configuration list for PBXProject "ZWallet" */;
			compatibilityVersion = "Xcode 13.0";
			developmentRegion = en;
			hasScannedForEncodings = 0;
			knownRegions = (
				en,
				Base,
			);
			mainGroup = B349C4D127F2FCE400F2F1E9;
			productRefGroup = B349C4DB27F2FCE400F2F1E9 /* Products */;
			projectDirPath = "";
			projectRoot = "";
			targets = (
				B349C4D927F2FCE400F2F1E9 /* ZWallet */,
				B349C4EF27F2FCE500F2F1E9 /* ZWalletTests */,
				B349C4F927F2FCE500F2F1E9 /* ZWalletUITests */,
			);
		};
/* End PBXProject section */

/* Begin PBXResourcesBuildPhase section */
		B349C4D827F2FCE400F2F1E9 /* Resources */ = {
			isa = PBXResourcesBuildPhase;
			buildActionMask = 2147483647;
			files = (
				B37029B227F455AF0069F69E /* LoginsViewController.xib in Resources */,
				B349C52927F3038E00F2F1E9 /* NunitoSans-SemiBold.ttf in Resources */,
				B349C52427F3038E00F2F1E9 /* NunitoSans-ExtraBold.ttf in Resources */,
				B349C4EA27F2FCE500F2F1E9 /* LaunchScreen.storyboard in Resources */,
				B349C52B27F3038E00F2F1E9 /* NunitoSans-ExtraLight.ttf in Resources */,
				B349C4E727F2FCE500F2F1E9 /* Assets.xcassets in Resources */,
				B349C51E27F3038E00F2F1E9 /* NunitoSans-Italic.ttf in Resources */,
				B349C52527F3038E00F2F1E9 /* NunitoSans-BoldItalic.ttf in Resources */,
				B349C52127F3038E00F2F1E9 /* NunitoSans-Regular.ttf in Resources */,
				B349C52827F3038E00F2F1E9 /* NunitoSans-BlackItalic.ttf in Resources */,
				B349C51F27F3038E00F2F1E9 /* NunitoSans-Bold.ttf in Resources */,
				B349C52627F3038E00F2F1E9 /* NunitoSans-LightItalic.ttf in Resources */,
				B349C52727F3038E00F2F1E9 /* NunitoSans-Black.ttf in Resources */,
				B349C52227F3038E00F2F1E9 /* NunitoSans-SemiBoldItalic.ttf in Resources */,
				B349C52A27F3038E00F2F1E9 /* NunitoSans-ExtraLightItalic.ttf in Resources */,
				B349C52327F3038E00F2F1E9 /* NunitoSans-Light.ttf in Resources */,
				B349C52027F3038E00F2F1E9 /* NunitoSans-ExtraBoldItalic.ttf in Resources */,
				B349C4E527F2FCE400F2F1E9 /* Main.storyboard in Resources */,
			);
			runOnlyForDeploymentPostprocessing = 0;
		};
		B349C4EE27F2FCE500F2F1E9 /* Resources */ = {
			isa = PBXResourcesBuildPhase;
			buildActionMask = 2147483647;
			files = (
			);
			runOnlyForDeploymentPostprocessing = 0;
		};
		B349C4F827F2FCE500F2F1E9 /* Resources */ = {
			isa = PBXResourcesBuildPhase;
			buildActionMask = 2147483647;
			files = (
			);
			runOnlyForDeploymentPostprocessing = 0;
		};
/* End PBXResourcesBuildPhase section */

/* Begin PBXSourcesBuildPhase section */
		B349C4D627F2FCE400F2F1E9 /* Sources */ = {
			isa = PBXSourcesBuildPhase;
			buildActionMask = 2147483647;
			files = (
				B37029B127F455AF0069F69E /* LoginsViewController.swift in Sources */,
				B349C50E27F2FE2800F2F1E9 /* LoginViewController.swift in Sources */,
				B349C4E227F2FCE400F2F1E9 /* ViewController.swift in Sources */,
				B349C4DE27F2FCE400F2F1E9 /* AppDelegate.swift in Sources */,
				B349C4E027F2FCE400F2F1E9 /* SceneDelegate.swift in Sources */,
			);
			runOnlyForDeploymentPostprocessing = 0;
		};
		B349C4EC27F2FCE500F2F1E9 /* Sources */ = {
			isa = PBXSourcesBuildPhase;
			buildActionMask = 2147483647;
			files = (
				B349C4F527F2FCE500F2F1E9 /* ZWalletTests.swift in Sources */,
			);
			runOnlyForDeploymentPostprocessing = 0;
		};
		B349C4F627F2FCE500F2F1E9 /* Sources */ = {
			isa = PBXSourcesBuildPhase;
			buildActionMask = 2147483647;
			files = (
				B349C50127F2FCE500F2F1E9 /* ZWalletUITestsLaunchTests.swift in Sources */,
				B349C4FF27F2FCE500F2F1E9 /* ZWalletUITests.swift in Sources */,
			);
			runOnlyForDeploymentPostprocessing = 0;
		};
/* End PBXSourcesBuildPhase section */

/* Begin PBXTargetDependency section */
		B349C4F227F2FCE500F2F1E9 /* PBXTargetDependency */ = {
			isa = PBXTargetDependency;
			target = B349C4D927F2FCE400F2F1E9 /* ZWallet */;
			targetProxy = B349C4F127F2FCE500F2F1E9 /* PBXContainerItemProxy */;
		};
		B349C4FC27F2FCE500F2F1E9 /* PBXTargetDependency */ = {
			isa = PBXTargetDependency;
			target = B349C4D927F2FCE400F2F1E9 /* ZWallet */;
			targetProxy = B349C4FB27F2FCE500F2F1E9 /* PBXContainerItemProxy */;
		};
/* End PBXTargetDependency section */

/* Begin PBXVariantGroup section */
		B349C4E327F2FCE400F2F1E9 /* Main.storyboard */ = {
			isa = PBXVariantGroup;
			children = (
				B349C4E427F2FCE400F2F1E9 /* Base */,
			);
			name = Main.storyboard;
			sourceTree = "<group>";
		};
		B349C4E827F2FCE500F2F1E9 /* LaunchScreen.storyboard */ = {
			isa = PBXVariantGroup;
			children = (
				B349C4E927F2FCE500F2F1E9 /* Base */,
			);
			name = LaunchScreen.storyboard;
			sourceTree = "<group>";
		};
/* End PBXVariantGroup section */

/* Begin XCBuildConfiguration section */
		B349C50227F2FCE500F2F1E9 /* Debug */ = {
			isa = XCBuildConfiguration;
			buildSettings = {
				ALWAYS_SEARCH_USER_PATHS = NO;
				CLANG_ANALYZER_NONNULL = YES;
				CLANG_ANALYZER_NUMBER_OBJECT_CONVERSION = YES_AGGRESSIVE;
				CLANG_CXX_LANGUAGE_STANDARD = "gnu++17";
				CLANG_ENABLE_MODULES = YES;
				CLANG_ENABLE_OBJC_ARC = YES;
				CLANG_ENABLE_OBJC_WEAK = YES;
				CLANG_WARN_BLOCK_CAPTURE_AUTORELEASING = YES;
				CLANG_WARN_BOOL_CONVERSION = YES;
				CLANG_WARN_COMMA = YES;
				CLANG_WARN_CONSTANT_CONVERSION = YES;
				CLANG_WARN_DEPRECATED_OBJC_IMPLEMENTATIONS = YES;
				CLANG_WARN_DIRECT_OBJC_ISA_USAGE = YES_ERROR;
				CLANG_WARN_DOCUMENTATION_COMMENTS = YES;
				CLANG_WARN_EMPTY_BODY = YES;
				CLANG_WARN_ENUM_CONVERSION = YES;
				CLANG_WARN_INFINITE_RECURSION = YES;
				CLANG_WARN_INT_CONVERSION = YES;
				CLANG_WARN_NON_LITERAL_NULL_CONVERSION = YES;
				CLANG_WARN_OBJC_IMPLICIT_RETAIN_SELF = YES;
				CLANG_WARN_OBJC_LITERAL_CONVERSION = YES;
				CLANG_WARN_OBJC_ROOT_CLASS = YES_ERROR;
				CLANG_WARN_QUOTED_INCLUDE_IN_FRAMEWORK_HEADER = YES;
				CLANG_WARN_RANGE_LOOP_ANALYSIS = YES;
				CLANG_WARN_STRICT_PROTOTYPES = YES;
				CLANG_WARN_SUSPICIOUS_MOVE = YES;
				CLANG_WARN_UNGUARDED_AVAILABILITY = YES_AGGRESSIVE;
				CLANG_WARN_UNREACHABLE_CODE = YES;
				CLANG_WARN__DUPLICATE_METHOD_MATCH = YES;
				COPY_PHASE_STRIP = NO;
				DEBUG_INFORMATION_FORMAT = dwarf;
				ENABLE_STRICT_OBJC_MSGSEND = YES;
				ENABLE_TESTABILITY = YES;
				GCC_C_LANGUAGE_STANDARD = gnu11;
				GCC_DYNAMIC_NO_PIC = NO;
				GCC_NO_COMMON_BLOCKS = YES;
				GCC_OPTIMIZATION_LEVEL = 0;
				GCC_PREPROCESSOR_DEFINITIONS = (
					"DEBUG=1",
					"$(inherited)",
				);
				GCC_WARN_64_TO_32_BIT_CONVERSION = YES;
				GCC_WARN_ABOUT_RETURN_TYPE = YES_ERROR;
				GCC_WARN_UNDECLARED_SELECTOR = YES;
				GCC_WARN_UNINITIALIZED_AUTOS = YES_AGGRESSIVE;
				GCC_WARN_UNUSED_FUNCTION = YES;
				GCC_WARN_UNUSED_VARIABLE = YES;
				IPHONEOS_DEPLOYMENT_TARGET = 15.4;
				MTL_ENABLE_DEBUG_INFO = INCLUDE_SOURCE;
				MTL_FAST_MATH = YES;
				ONLY_ACTIVE_ARCH = YES;
				SDKROOT = iphoneos;
				SWIFT_ACTIVE_COMPILATION_CONDITIONS = DEBUG;
				SWIFT_OPTIMIZATION_LEVEL = "-Onone";
			};
			name = Debug;
		};
		B349C50327F2FCE500F2F1E9 /* Release */ = {
			isa = XCBuildConfiguration;
			buildSettings = {
				ALWAYS_SEARCH_USER_PATHS = NO;
				CLANG_ANALYZER_NONNULL = YES;
				CLANG_ANALYZER_NUMBER_OBJECT_CONVERSION = YES_AGGRESSIVE;
				CLANG_CXX_LANGUAGE_STANDARD = "gnu++17";
				CLANG_ENABLE_MODULES = YES;
				CLANG_ENABLE_OBJC_ARC = YES;
				CLANG_ENABLE_OBJC_WEAK = YES;
				CLANG_WARN_BLOCK_CAPTURE_AUTORELEASING = YES;
				CLANG_WARN_BOOL_CONVERSION = YES;
				CLANG_WARN_COMMA = YES;
				CLANG_WARN_CONSTANT_CONVERSION = YES;
				CLANG_WARN_DEPRECATED_OBJC_IMPLEMENTATIONS = YES;
				CLANG_WARN_DIRECT_OBJC_ISA_USAGE = YES_ERROR;
				CLANG_WARN_DOCUMENTATION_COMMENTS = YES;
				CLANG_WARN_EMPTY_BODY = YES;
				CLANG_WARN_ENUM_CONVERSION = YES;
				CLANG_WARN_INFINITE_RECURSION = YES;
				CLANG_WARN_INT_CONVERSION = YES;
				CLANG_WARN_NON_LITERAL_NULL_CONVERSION = YES;
				CLANG_WARN_OBJC_IMPLICIT_RETAIN_SELF = YES;
				CLANG_WARN_OBJC_LITERAL_CONVERSION = YES;
				CLANG_WARN_OBJC_ROOT_CLASS = YES_ERROR;
				CLANG_WARN_QUOTED_INCLUDE_IN_FRAMEWORK_HEADER = YES;
				CLANG_WARN_RANGE_LOOP_ANALYSIS = YES;
				CLANG_WARN_STRICT_PROTOTYPES = YES;
				CLANG_WARN_SUSPICIOUS_MOVE = YES;
				CLANG_WARN_UNGUARDED_AVAILABILITY = YES_AGGRESSIVE;
				CLANG_WARN_UNREACHABLE_CODE = YES;
				CLANG_WARN__DUPLICATE_METHOD_MATCH = YES;
				COPY_PHASE_STRIP = NO;
				DEBUG_INFORMATION_FORMAT = "dwarf-with-dsym";
				ENABLE_NS_ASSERTIONS = NO;
				ENABLE_STRICT_OBJC_MSGSEND = YES;
				GCC_C_LANGUAGE_STANDARD = gnu11;
				GCC_NO_COMMON_BLOCKS = YES;
				GCC_WARN_64_TO_32_BIT_CONVERSION = YES;
				GCC_WARN_ABOUT_RETURN_TYPE = YES_ERROR;
				GCC_WARN_UNDECLARED_SELECTOR = YES;
				GCC_WARN_UNINITIALIZED_AUTOS = YES_AGGRESSIVE;
				GCC_WARN_UNUSED_FUNCTION = YES;
				GCC_WARN_UNUSED_VARIABLE = YES;
				IPHONEOS_DEPLOYMENT_TARGET = 15.4;
				MTL_ENABLE_DEBUG_INFO = NO;
				MTL_FAST_MATH = YES;
				SDKROOT = iphoneos;
				SWIFT_COMPILATION_MODE = wholemodule;
				SWIFT_OPTIMIZATION_LEVEL = "-O";
				VALIDATE_PRODUCT = YES;
			};
			name = Release;
		};
		B349C50527F2FCE500F2F1E9 /* Debug */ = {
			isa = XCBuildConfiguration;
			buildSettings = {
				ASSETCATALOG_COMPILER_APPICON_NAME = AppIcon;
				ASSETCATALOG_COMPILER_GLOBAL_ACCENT_COLOR_NAME = AccentColor;
				CODE_SIGN_STYLE = Automatic;
				CURRENT_PROJECT_VERSION = 1;
				GENERATE_INFOPLIST_FILE = YES;
				INFOPLIST_FILE = ZWallet/Info.plist;
				INFOPLIST_KEY_UIApplicationSupportsIndirectInputEvents = YES;
				INFOPLIST_KEY_UILaunchStoryboardName = LaunchScreen;
				INFOPLIST_KEY_UISupportedInterfaceOrientations_iPad = "UIInterfaceOrientationPortrait UIInterfaceOrientationPortraitUpsideDown UIInterfaceOrientationLandscapeLeft UIInterfaceOrientationLandscapeRight";
				INFOPLIST_KEY_UISupportedInterfaceOrientations_iPhone = "UIInterfaceOrientationPortrait UIInterfaceOrientationLandscapeLeft UIInterfaceOrientationLandscapeRight";
				LD_RUNPATH_SEARCH_PATHS = (
					"$(inherited)",
					"@executable_path/Frameworks",
				);
				MARKETING_VERSION = 1.0;
				PRODUCT_BUNDLE_IDENTIFIER = com.aftaarsyad.ZWallet;
				PRODUCT_NAME = "$(TARGET_NAME)";
				SWIFT_EMIT_LOC_STRINGS = YES;
				SWIFT_VERSION = 5.0;
				TARGETED_DEVICE_FAMILY = "1,2";
			};
			name = Debug;
		};
		B349C50627F2FCE500F2F1E9 /* Release */ = {
			isa = XCBuildConfiguration;
			buildSettings = {
				ASSETCATALOG_COMPILER_APPICON_NAME = AppIcon;
				ASSETCATALOG_COMPILER_GLOBAL_ACCENT_COLOR_NAME = AccentColor;
				CODE_SIGN_STYLE = Automatic;
				CURRENT_PROJECT_VERSION = 1;
				GENERATE_INFOPLIST_FILE = YES;
				INFOPLIST_FILE = ZWallet/Info.plist;
				INFOPLIST_KEY_UIApplicationSupportsIndirectInputEvents = YES;
				INFOPLIST_KEY_UILaunchStoryboardName = LaunchScreen;
				INFOPLIST_KEY_UISupportedInterfaceOrientations_iPad = "UIInterfaceOrientationPortrait UIInterfaceOrientationPortraitUpsideDown UIInterfaceOrientationLandscapeLeft UIInterfaceOrientationLandscapeRight";
				INFOPLIST_KEY_UISupportedInterfaceOrientations_iPhone = "UIInterfaceOrientationPortrait UIInterfaceOrientationLandscapeLeft UIInterfaceOrientationLandscapeRight";
				LD_RUNPATH_SEARCH_PATHS = (
					"$(inherited)",
					"@executable_path/Frameworks",
				);
				MARKETING_VERSION = 1.0;
				PRODUCT_BUNDLE_IDENTIFIER = com.aftaarsyad.ZWallet;
				PRODUCT_NAME = "$(TARGET_NAME)";
				SWIFT_EMIT_LOC_STRINGS = YES;
				SWIFT_VERSION = 5.0;
				TARGETED_DEVICE_FAMILY = "1,2";
			};
			name = Release;
		};
		B349C50827F2FCE500F2F1E9 /* Debug */ = {
			isa = XCBuildConfiguration;
			buildSettings = {
				ALWAYS_EMBED_SWIFT_STANDARD_LIBRARIES = YES;
				BUNDLE_LOADER = "$(TEST_HOST)";
				CODE_SIGN_STYLE = Automatic;
				CURRENT_PROJECT_VERSION = 1;
				GENERATE_INFOPLIST_FILE = YES;
				IPHONEOS_DEPLOYMENT_TARGET = 15.4;
				MARKETING_VERSION = 1.0;
				PRODUCT_BUNDLE_IDENTIFIER = com.aftaarsyad.ZWalletTests;
				PRODUCT_NAME = "$(TARGET_NAME)";
				SWIFT_EMIT_LOC_STRINGS = NO;
				SWIFT_VERSION = 5.0;
				TARGETED_DEVICE_FAMILY = "1,2";
				TEST_HOST = "$(BUILT_PRODUCTS_DIR)/ZWallet.app/ZWallet";
			};
			name = Debug;
		};
		B349C50927F2FCE500F2F1E9 /* Release */ = {
			isa = XCBuildConfiguration;
			buildSettings = {
				ALWAYS_EMBED_SWIFT_STANDARD_LIBRARIES = YES;
				BUNDLE_LOADER = "$(TEST_HOST)";
				CODE_SIGN_STYLE = Automatic;
				CURRENT_PROJECT_VERSION = 1;
				GENERATE_INFOPLIST_FILE = YES;
				IPHONEOS_DEPLOYMENT_TARGET = 15.4;
				MARKETING_VERSION = 1.0;
				PRODUCT_BUNDLE_IDENTIFIER = com.aftaarsyad.ZWalletTests;
				PRODUCT_NAME = "$(TARGET_NAME)";
				SWIFT_EMIT_LOC_STRINGS = NO;
				SWIFT_VERSION = 5.0;
				TARGETED_DEVICE_FAMILY = "1,2";
				TEST_HOST = "$(BUILT_PRODUCTS_DIR)/ZWallet.app/ZWallet";
			};
			name = Release;
		};
		B349C50B27F2FCE500F2F1E9 /* Debug */ = {
			isa = XCBuildConfiguration;
			buildSettings = {
				ALWAYS_EMBED_SWIFT_STANDARD_LIBRARIES = YES;
				CODE_SIGN_STYLE = Automatic;
				CURRENT_PROJECT_VERSION = 1;
				GENERATE_INFOPLIST_FILE = YES;
				MARKETING_VERSION = 1.0;
				PRODUCT_BUNDLE_IDENTIFIER = com.aftaarsyad.ZWalletUITests;
				PRODUCT_NAME = "$(TARGET_NAME)";
				SWIFT_EMIT_LOC_STRINGS = NO;
				SWIFT_VERSION = 5.0;
				TARGETED_DEVICE_FAMILY = "1,2";
				TEST_TARGET_NAME = ZWallet;
			};
			name = Debug;
		};
		B349C50C27F2FCE500F2F1E9 /* Release */ = {
			isa = XCBuildConfiguration;
			buildSettings = {
				ALWAYS_EMBED_SWIFT_STANDARD_LIBRARIES = YES;
				CODE_SIGN_STYLE = Automatic;
				CURRENT_PROJECT_VERSION = 1;
				GENERATE_INFOPLIST_FILE = YES;
				MARKETING_VERSION = 1.0;
				PRODUCT_BUNDLE_IDENTIFIER = com.aftaarsyad.ZWalletUITests;
				PRODUCT_NAME = "$(TARGET_NAME)";
				SWIFT_EMIT_LOC_STRINGS = NO;
				SWIFT_VERSION = 5.0;
				TARGETED_DEVICE_FAMILY = "1,2";
				TEST_TARGET_NAME = ZWallet;
			};
			name = Release;
		};
/* End XCBuildConfiguration section */

/* Begin XCConfigurationList section */
		B349C4D527F2FCE400F2F1E9 /* Build configuration list for PBXProject "ZWallet" */ = {
			isa = XCConfigurationList;
			buildConfigurations = (
				B349C50227F2FCE500F2F1E9 /* Debug */,
				B349C50327F2FCE500F2F1E9 /* Release */,
			);
			defaultConfigurationIsVisible = 0;
			defaultConfigurationName = Release;
		};
		B349C50427F2FCE500F2F1E9 /* Build configuration list for PBXNativeTarget "ZWallet" */ = {
			isa = XCConfigurationList;
			buildConfigurations = (
				B349C50527F2FCE500F2F1E9 /* Debug */,
				B349C50627F2FCE500F2F1E9 /* Release */,
			);
			defaultConfigurationIsVisible = 0;
			defaultConfigurationName = Release;
		};
		B349C50727F2FCE500F2F1E9 /* Build configuration list for PBXNativeTarget "ZWalletTests" */ = {
			isa = XCConfigurationList;
			buildConfigurations = (
				B349C50827F2FCE500F2F1E9 /* Debug */,
				B349C50927F2FCE500F2F1E9 /* Release */,
			);
			defaultConfigurationIsVisible = 0;
			defaultConfigurationName = Release;
		};
		B349C50A27F2FCE500F2F1E9 /* Build configuration list for PBXNativeTarget "ZWalletUITests" */ = {
			isa = XCConfigurationList;
			buildConfigurations = (
				B349C50B27F2FCE500F2F1E9 /* Debug */,
				B349C50C27F2FCE500F2F1E9 /* Release */,
			);
			defaultConfigurationIsVisible = 0;
			defaultConfigurationName = Release;
		};
/* End XCConfigurationList section */
	};
	rootObject = B349C4D227F2FCE400F2F1E9 /* Project object */;
}
